
Microsoft Visual Studio Solution File, Format Version 12.00
# Visual Studio 15
VisualStudioVersion = 15.0.27130.2027
MinimumVisualStudioVersion = 10.0.40219.1
Project("{9A19103F-16F7-4668-BE54-9A1E7A4F7556}") = "Chiota", "Chiota\Chiota\Chiota.csproj", "{A569A7A8-467D-45BD-8848-00F6A0DC34BC}"
EndProject
Project("{FAE04EC0-301F-11D3-BF4B-00C04F79EFBC}") = "Chiota.Android", "Chiota\Chiota.Android\Chiota.Android.csproj", "{F150B078-B1C7-4D88-A60C-800CFDE96175}"
EndProject
Project("{FAE04EC0-301F-11D3-BF4B-00C04F79EFBC}") = "Chiota.UWP", "Chiota\Chiota.UWP\Chiota.UWP.csproj", "{B2F8B1B9-82A9-463D-82C8-04FBA013AA00}"
EndProject
Project("{FAE04EC0-301F-11D3-BF4B-00C04F79EFBC}") = "UWPRuntimeComponent", "UWPRuntimeComponent\UWPRuntimeComponent.csproj", "{A7FCA39F-0FEE-4213-B0D8-EA6B7B228E50}"
EndProject
Project("{FAE04EC0-301F-11D3-BF4B-00C04F79EFBC}") = "Chiota.UITests", "Chiota.UITests\Chiota.UITests.csproj", "{02E5A455-6CA1-40AB-A15F-E76DC40C22DD}"
EndProject
Project("{9A19103F-16F7-4668-BE54-9A1E7A4F7556}") = "Chiota.Tests", "Chiota.Tests\Chiota.Tests.csproj", "{0530C06D-CE3F-4F67-A096-95958C96531F}"
EndProject
Project("{2150E333-8FDC-42A3-9474-1A3956D46DE8}") = "Palantir", "Palantir", "{1D1C65E2-DD40-4A8D-9B6C-612B91A93D56}"
EndProject
Project("{9A19103F-16F7-4668-BE54-9A1E7A4F7556}") = "Pact.Palantir", "Palantir\Pact.Palantir\Pact.Palantir.csproj", "{ACE81A6D-2E28-48E9-BB03-3483A0E11D1E}"
EndProject
Project("{FAE04EC0-301F-11D3-BF4B-00C04F79EFBC}") = "CEXEngine", "Palantir\CEXEngine\CEXEngine.csproj", "{F63F1625-804A-431D-99A7-8D636B0766DE}"
EndProject
Project("{9A19103F-16F7-4668-BE54-9A1E7A4F7556}") = "Pact.Palantir.Tests", "Palantir\Pact.Palantir.Tests\Pact.Palantir.Tests.csproj", "{F43331F9-61C7-4B0B-B0D2-0142C5FF90AA}"
EndProject
Global
	GlobalSection(SolutionConfigurationPlatforms) = preSolution
		Debug|Any CPU = Debug|Any CPU
		Debug|ARM = Debug|ARM
		Debug|ARM64 = Debug|ARM64
		Debug|x64 = Debug|x64
		Debug|x86 = Debug|x86
		Fast|Any CPU = Fast|Any CPU
		Fast|ARM = Fast|ARM
		Fast|ARM64 = Fast|ARM64
		Fast|x64 = Fast|x64
		Fast|x86 = Fast|x86
		Generic|Any CPU = Generic|Any CPU
		Generic|ARM = Generic|ARM
		Generic|ARM64 = Generic|ARM64
		Generic|x64 = Generic|x64
		Generic|x86 = Generic|x86
		Optimized-fast|Any CPU = Optimized-fast|Any CPU
		Optimized-fast|ARM = Optimized-fast|ARM
		Optimized-fast|ARM64 = Optimized-fast|ARM64
		Optimized-fast|x64 = Optimized-fast|x64
		Optimized-fast|x86 = Optimized-fast|x86
		Optimized-generic|Any CPU = Optimized-generic|Any CPU
		Optimized-generic|ARM = Optimized-generic|ARM
		Optimized-generic|ARM64 = Optimized-generic|ARM64
		Optimized-generic|x64 = Optimized-generic|x64
		Optimized-generic|x86 = Optimized-generic|x86
		Release|Any CPU = Release|Any CPU
		Release|ARM = Release|ARM
		Release|ARM64 = Release|ARM64
		Release|x64 = Release|x64
		Release|x86 = Release|x86
	EndGlobalSection
	GlobalSection(ProjectConfigurationPlatforms) = postSolution
		{A569A7A8-467D-45BD-8848-00F6A0DC34BC}.Debug|Any CPU.ActiveCfg = Debug|Any CPU
		{A569A7A8-467D-45BD-8848-00F6A0DC34BC}.Debug|Any CPU.Build.0 = Debug|Any CPU
		{A569A7A8-467D-45BD-8848-00F6A0DC34BC}.Debug|ARM.ActiveCfg = Debug|Any CPU
		{A569A7A8-467D-45BD-8848-00F6A0DC34BC}.Debug|ARM.Build.0 = Debug|Any CPU
		{A569A7A8-467D-45BD-8848-00F6A0DC34BC}.Debug|ARM64.ActiveCfg = Debug|Any CPU
		{A569A7A8-467D-45BD-8848-00F6A0DC34BC}.Debug|ARM64.Build.0 = Debug|Any CPU
		{A569A7A8-467D-45BD-8848-00F6A0DC34BC}.Debug|x64.ActiveCfg = Debug|Any CPU
		{A569A7A8-467D-45BD-8848-00F6A0DC34BC}.Debug|x64.Build.0 = Debug|Any CPU
		{A569A7A8-467D-45BD-8848-00F6A0DC34BC}.Debug|x86.ActiveCfg = Debug|Any CPU
		{A569A7A8-467D-45BD-8848-00F6A0DC34BC}.Debug|x86.Build.0 = Debug|Any CPU
		{A569A7A8-467D-45BD-8848-00F6A0DC34BC}.Fast|Any CPU.ActiveCfg = Release|Any CPU
		{A569A7A8-467D-45BD-8848-00F6A0DC34BC}.Fast|Any CPU.Build.0 = Release|Any CPU
		{A569A7A8-467D-45BD-8848-00F6A0DC34BC}.Fast|ARM.ActiveCfg = Release|Any CPU
		{A569A7A8-467D-45BD-8848-00F6A0DC34BC}.Fast|ARM.Build.0 = Release|Any CPU
		{A569A7A8-467D-45BD-8848-00F6A0DC34BC}.Fast|ARM64.ActiveCfg = Release|Any CPU
		{A569A7A8-467D-45BD-8848-00F6A0DC34BC}.Fast|ARM64.Build.0 = Release|Any CPU
		{A569A7A8-467D-45BD-8848-00F6A0DC34BC}.Fast|x64.ActiveCfg = Release|Any CPU
		{A569A7A8-467D-45BD-8848-00F6A0DC34BC}.Fast|x64.Build.0 = Release|Any CPU
		{A569A7A8-467D-45BD-8848-00F6A0DC34BC}.Fast|x86.ActiveCfg = Release|Any CPU
		{A569A7A8-467D-45BD-8848-00F6A0DC34BC}.Fast|x86.Build.0 = Release|Any CPU
		{A569A7A8-467D-45BD-8848-00F6A0DC34BC}.Generic|Any CPU.ActiveCfg = Release|Any CPU
		{A569A7A8-467D-45BD-8848-00F6A0DC34BC}.Generic|Any CPU.Build.0 = Release|Any CPU
		{A569A7A8-467D-45BD-8848-00F6A0DC34BC}.Generic|ARM.ActiveCfg = Release|Any CPU
		{A569A7A8-467D-45BD-8848-00F6A0DC34BC}.Generic|ARM.Build.0 = Release|Any CPU
		{A569A7A8-467D-45BD-8848-00F6A0DC34BC}.Generic|ARM64.ActiveCfg = Release|Any CPU
		{A569A7A8-467D-45BD-8848-00F6A0DC34BC}.Generic|ARM64.Build.0 = Release|Any CPU
		{A569A7A8-467D-45BD-8848-00F6A0DC34BC}.Generic|x64.ActiveCfg = Release|Any CPU
		{A569A7A8-467D-45BD-8848-00F6A0DC34BC}.Generic|x64.Build.0 = Release|Any CPU
		{A569A7A8-467D-45BD-8848-00F6A0DC34BC}.Generic|x86.ActiveCfg = Release|Any CPU
		{A569A7A8-467D-45BD-8848-00F6A0DC34BC}.Generic|x86.Build.0 = Release|Any CPU
		{A569A7A8-467D-45BD-8848-00F6A0DC34BC}.Optimized-fast|Any CPU.ActiveCfg = Release|Any CPU
		{A569A7A8-467D-45BD-8848-00F6A0DC34BC}.Optimized-fast|Any CPU.Build.0 = Release|Any CPU
		{A569A7A8-467D-45BD-8848-00F6A0DC34BC}.Optimized-fast|ARM.ActiveCfg = Release|Any CPU
		{A569A7A8-467D-45BD-8848-00F6A0DC34BC}.Optimized-fast|ARM.Build.0 = Release|Any CPU
		{A569A7A8-467D-45BD-8848-00F6A0DC34BC}.Optimized-fast|ARM64.ActiveCfg = Release|Any CPU
		{A569A7A8-467D-45BD-8848-00F6A0DC34BC}.Optimized-fast|ARM64.Build.0 = Release|Any CPU
		{A569A7A8-467D-45BD-8848-00F6A0DC34BC}.Optimized-fast|x64.ActiveCfg = Release|Any CPU
		{A569A7A8-467D-45BD-8848-00F6A0DC34BC}.Optimized-fast|x64.Build.0 = Release|Any CPU
		{A569A7A8-467D-45BD-8848-00F6A0DC34BC}.Optimized-fast|x86.ActiveCfg = Release|Any CPU
		{A569A7A8-467D-45BD-8848-00F6A0DC34BC}.Optimized-fast|x86.Build.0 = Release|Any CPU
		{A569A7A8-467D-45BD-8848-00F6A0DC34BC}.Optimized-generic|Any CPU.ActiveCfg = Release|Any CPU
		{A569A7A8-467D-45BD-8848-00F6A0DC34BC}.Optimized-generic|Any CPU.Build.0 = Release|Any CPU
		{A569A7A8-467D-45BD-8848-00F6A0DC34BC}.Optimized-generic|ARM.ActiveCfg = Release|Any CPU
		{A569A7A8-467D-45BD-8848-00F6A0DC34BC}.Optimized-generic|ARM.Build.0 = Release|Any CPU
		{A569A7A8-467D-45BD-8848-00F6A0DC34BC}.Optimized-generic|ARM64.ActiveCfg = Release|Any CPU
		{A569A7A8-467D-45BD-8848-00F6A0DC34BC}.Optimized-generic|ARM64.Build.0 = Release|Any CPU
		{A569A7A8-467D-45BD-8848-00F6A0DC34BC}.Optimized-generic|x64.ActiveCfg = Release|Any CPU
		{A569A7A8-467D-45BD-8848-00F6A0DC34BC}.Optimized-generic|x64.Build.0 = Release|Any CPU
		{A569A7A8-467D-45BD-8848-00F6A0DC34BC}.Optimized-generic|x86.ActiveCfg = Release|Any CPU
		{A569A7A8-467D-45BD-8848-00F6A0DC34BC}.Optimized-generic|x86.Build.0 = Release|Any CPU
		{A569A7A8-467D-45BD-8848-00F6A0DC34BC}.Release|Any CPU.ActiveCfg = Release|Any CPU
		{A569A7A8-467D-45BD-8848-00F6A0DC34BC}.Release|Any CPU.Build.0 = Release|Any CPU
		{A569A7A8-467D-45BD-8848-00F6A0DC34BC}.Release|ARM.ActiveCfg = Release|Any CPU
		{A569A7A8-467D-45BD-8848-00F6A0DC34BC}.Release|ARM.Build.0 = Release|Any CPU
		{A569A7A8-467D-45BD-8848-00F6A0DC34BC}.Release|ARM64.ActiveCfg = Release|Any CPU
		{A569A7A8-467D-45BD-8848-00F6A0DC34BC}.Release|ARM64.Build.0 = Release|Any CPU
		{A569A7A8-467D-45BD-8848-00F6A0DC34BC}.Release|x64.ActiveCfg = Release|Any CPU
		{A569A7A8-467D-45BD-8848-00F6A0DC34BC}.Release|x64.Build.0 = Release|Any CPU
		{A569A7A8-467D-45BD-8848-00F6A0DC34BC}.Release|x86.ActiveCfg = Release|Any CPU
		{A569A7A8-467D-45BD-8848-00F6A0DC34BC}.Release|x86.Build.0 = Release|Any CPU
		{F150B078-B1C7-4D88-A60C-800CFDE96175}.Debug|Any CPU.ActiveCfg = Debug|Any CPU
		{F150B078-B1C7-4D88-A60C-800CFDE96175}.Debug|Any CPU.Build.0 = Debug|Any CPU
		{F150B078-B1C7-4D88-A60C-800CFDE96175}.Debug|Any CPU.Deploy.0 = Debug|Any CPU
		{F150B078-B1C7-4D88-A60C-800CFDE96175}.Debug|ARM.ActiveCfg = Debug|Any CPU
		{F150B078-B1C7-4D88-A60C-800CFDE96175}.Debug|ARM.Build.0 = Debug|Any CPU
		{F150B078-B1C7-4D88-A60C-800CFDE96175}.Debug|ARM.Deploy.0 = Debug|Any CPU
		{F150B078-B1C7-4D88-A60C-800CFDE96175}.Debug|ARM64.ActiveCfg = Debug|Any CPU
		{F150B078-B1C7-4D88-A60C-800CFDE96175}.Debug|ARM64.Build.0 = Debug|Any CPU
		{F150B078-B1C7-4D88-A60C-800CFDE96175}.Debug|ARM64.Deploy.0 = Debug|Any CPU
		{F150B078-B1C7-4D88-A60C-800CFDE96175}.Debug|x64.ActiveCfg = Debug|Any CPU
		{F150B078-B1C7-4D88-A60C-800CFDE96175}.Debug|x64.Build.0 = Debug|Any CPU
		{F150B078-B1C7-4D88-A60C-800CFDE96175}.Debug|x64.Deploy.0 = Debug|Any CPU
		{F150B078-B1C7-4D88-A60C-800CFDE96175}.Debug|x86.ActiveCfg = Debug|Any CPU
		{F150B078-B1C7-4D88-A60C-800CFDE96175}.Debug|x86.Build.0 = Debug|Any CPU
		{F150B078-B1C7-4D88-A60C-800CFDE96175}.Debug|x86.Deploy.0 = Debug|Any CPU
		{F150B078-B1C7-4D88-A60C-800CFDE96175}.Fast|Any CPU.ActiveCfg = Release|Any CPU
		{F150B078-B1C7-4D88-A60C-800CFDE96175}.Fast|Any CPU.Build.0 = Release|Any CPU
		{F150B078-B1C7-4D88-A60C-800CFDE96175}.Fast|Any CPU.Deploy.0 = Release|Any CPU
		{F150B078-B1C7-4D88-A60C-800CFDE96175}.Fast|ARM.ActiveCfg = Release|Any CPU
		{F150B078-B1C7-4D88-A60C-800CFDE96175}.Fast|ARM.Build.0 = Release|Any CPU
		{F150B078-B1C7-4D88-A60C-800CFDE96175}.Fast|ARM.Deploy.0 = Release|Any CPU
		{F150B078-B1C7-4D88-A60C-800CFDE96175}.Fast|ARM64.ActiveCfg = Release|Any CPU
		{F150B078-B1C7-4D88-A60C-800CFDE96175}.Fast|ARM64.Build.0 = Release|Any CPU
		{F150B078-B1C7-4D88-A60C-800CFDE96175}.Fast|ARM64.Deploy.0 = Release|Any CPU
		{F150B078-B1C7-4D88-A60C-800CFDE96175}.Fast|x64.ActiveCfg = Release|Any CPU
		{F150B078-B1C7-4D88-A60C-800CFDE96175}.Fast|x64.Build.0 = Release|Any CPU
		{F150B078-B1C7-4D88-A60C-800CFDE96175}.Fast|x64.Deploy.0 = Release|Any CPU
		{F150B078-B1C7-4D88-A60C-800CFDE96175}.Fast|x86.ActiveCfg = Release|Any CPU
		{F150B078-B1C7-4D88-A60C-800CFDE96175}.Fast|x86.Build.0 = Release|Any CPU
		{F150B078-B1C7-4D88-A60C-800CFDE96175}.Fast|x86.Deploy.0 = Release|Any CPU
		{F150B078-B1C7-4D88-A60C-800CFDE96175}.Generic|Any CPU.ActiveCfg = Release|Any CPU
		{F150B078-B1C7-4D88-A60C-800CFDE96175}.Generic|Any CPU.Build.0 = Release|Any CPU
		{F150B078-B1C7-4D88-A60C-800CFDE96175}.Generic|Any CPU.Deploy.0 = Release|Any CPU
		{F150B078-B1C7-4D88-A60C-800CFDE96175}.Generic|ARM.ActiveCfg = Release|Any CPU
		{F150B078-B1C7-4D88-A60C-800CFDE96175}.Generic|ARM.Build.0 = Release|Any CPU
		{F150B078-B1C7-4D88-A60C-800CFDE96175}.Generic|ARM.Deploy.0 = Release|Any CPU
		{F150B078-B1C7-4D88-A60C-800CFDE96175}.Generic|ARM64.ActiveCfg = Release|Any CPU
		{F150B078-B1C7-4D88-A60C-800CFDE96175}.Generic|ARM64.Build.0 = Release|Any CPU
		{F150B078-B1C7-4D88-A60C-800CFDE96175}.Generic|ARM64.Deploy.0 = Release|Any CPU
		{F150B078-B1C7-4D88-A60C-800CFDE96175}.Generic|x64.ActiveCfg = Release|Any CPU
		{F150B078-B1C7-4D88-A60C-800CFDE96175}.Generic|x64.Build.0 = Release|Any CPU
		{F150B078-B1C7-4D88-A60C-800CFDE96175}.Generic|x64.Deploy.0 = Release|Any CPU
		{F150B078-B1C7-4D88-A60C-800CFDE96175}.Generic|x86.ActiveCfg = Release|Any CPU
		{F150B078-B1C7-4D88-A60C-800CFDE96175}.Generic|x86.Build.0 = Release|Any CPU
		{F150B078-B1C7-4D88-A60C-800CFDE96175}.Generic|x86.Deploy.0 = Release|Any CPU
		{F150B078-B1C7-4D88-A60C-800CFDE96175}.Optimized-fast|Any CPU.ActiveCfg = Release|Any CPU
		{F150B078-B1C7-4D88-A60C-800CFDE96175}.Optimized-fast|Any CPU.Build.0 = Release|Any CPU
		{F150B078-B1C7-4D88-A60C-800CFDE96175}.Optimized-fast|Any CPU.Deploy.0 = Release|Any CPU
		{F150B078-B1C7-4D88-A60C-800CFDE96175}.Optimized-fast|ARM.ActiveCfg = Release|Any CPU
		{F150B078-B1C7-4D88-A60C-800CFDE96175}.Optimized-fast|ARM.Build.0 = Release|Any CPU
		{F150B078-B1C7-4D88-A60C-800CFDE96175}.Optimized-fast|ARM.Deploy.0 = Release|Any CPU
		{F150B078-B1C7-4D88-A60C-800CFDE96175}.Optimized-fast|ARM64.ActiveCfg = Release|Any CPU
		{F150B078-B1C7-4D88-A60C-800CFDE96175}.Optimized-fast|ARM64.Build.0 = Release|Any CPU
		{F150B078-B1C7-4D88-A60C-800CFDE96175}.Optimized-fast|ARM64.Deploy.0 = Release|Any CPU
		{F150B078-B1C7-4D88-A60C-800CFDE96175}.Optimized-fast|x64.ActiveCfg = Release|Any CPU
		{F150B078-B1C7-4D88-A60C-800CFDE96175}.Optimized-fast|x64.Build.0 = Release|Any CPU
		{F150B078-B1C7-4D88-A60C-800CFDE96175}.Optimized-fast|x64.Deploy.0 = Release|Any CPU
		{F150B078-B1C7-4D88-A60C-800CFDE96175}.Optimized-fast|x86.ActiveCfg = Release|Any CPU
		{F150B078-B1C7-4D88-A60C-800CFDE96175}.Optimized-fast|x86.Build.0 = Release|Any CPU
		{F150B078-B1C7-4D88-A60C-800CFDE96175}.Optimized-fast|x86.Deploy.0 = Release|Any CPU
		{F150B078-B1C7-4D88-A60C-800CFDE96175}.Optimized-generic|Any CPU.ActiveCfg = Release|Any CPU
		{F150B078-B1C7-4D88-A60C-800CFDE96175}.Optimized-generic|Any CPU.Build.0 = Release|Any CPU
		{F150B078-B1C7-4D88-A60C-800CFDE96175}.Optimized-generic|Any CPU.Deploy.0 = Release|Any CPU
		{F150B078-B1C7-4D88-A60C-800CFDE96175}.Optimized-generic|ARM.ActiveCfg = Release|Any CPU
		{F150B078-B1C7-4D88-A60C-800CFDE96175}.Optimized-generic|ARM.Build.0 = Release|Any CPU
		{F150B078-B1C7-4D88-A60C-800CFDE96175}.Optimized-generic|ARM.Deploy.0 = Release|Any CPU
		{F150B078-B1C7-4D88-A60C-800CFDE96175}.Optimized-generic|ARM64.ActiveCfg = Release|Any CPU
		{F150B078-B1C7-4D88-A60C-800CFDE96175}.Optimized-generic|ARM64.Build.0 = Release|Any CPU
		{F150B078-B1C7-4D88-A60C-800CFDE96175}.Optimized-generic|ARM64.Deploy.0 = Release|Any CPU
		{F150B078-B1C7-4D88-A60C-800CFDE96175}.Optimized-generic|x64.ActiveCfg = Release|Any CPU
		{F150B078-B1C7-4D88-A60C-800CFDE96175}.Optimized-generic|x64.Build.0 = Release|Any CPU
		{F150B078-B1C7-4D88-A60C-800CFDE96175}.Optimized-generic|x64.Deploy.0 = Release|Any CPU
		{F150B078-B1C7-4D88-A60C-800CFDE96175}.Optimized-generic|x86.ActiveCfg = Release|Any CPU
		{F150B078-B1C7-4D88-A60C-800CFDE96175}.Optimized-generic|x86.Build.0 = Release|Any CPU
		{F150B078-B1C7-4D88-A60C-800CFDE96175}.Optimized-generic|x86.Deploy.0 = Release|Any CPU
		{F150B078-B1C7-4D88-A60C-800CFDE96175}.Release|Any CPU.ActiveCfg = Release|Any CPU
		{F150B078-B1C7-4D88-A60C-800CFDE96175}.Release|Any CPU.Build.0 = Release|Any CPU
		{F150B078-B1C7-4D88-A60C-800CFDE96175}.Release|Any CPU.Deploy.0 = Release|Any CPU
		{F150B078-B1C7-4D88-A60C-800CFDE96175}.Release|ARM.ActiveCfg = Release|Any CPU
		{F150B078-B1C7-4D88-A60C-800CFDE96175}.Release|ARM.Build.0 = Release|Any CPU
		{F150B078-B1C7-4D88-A60C-800CFDE96175}.Release|ARM.Deploy.0 = Release|Any CPU
		{F150B078-B1C7-4D88-A60C-800CFDE96175}.Release|ARM64.ActiveCfg = Release|Any CPU
		{F150B078-B1C7-4D88-A60C-800CFDE96175}.Release|ARM64.Build.0 = Release|Any CPU
		{F150B078-B1C7-4D88-A60C-800CFDE96175}.Release|ARM64.Deploy.0 = Release|Any CPU
		{F150B078-B1C7-4D88-A60C-800CFDE96175}.Release|x64.ActiveCfg = Release|Any CPU
		{F150B078-B1C7-4D88-A60C-800CFDE96175}.Release|x64.Build.0 = Release|Any CPU
		{F150B078-B1C7-4D88-A60C-800CFDE96175}.Release|x64.Deploy.0 = Release|Any CPU
		{F150B078-B1C7-4D88-A60C-800CFDE96175}.Release|x86.ActiveCfg = Release|Any CPU
		{F150B078-B1C7-4D88-A60C-800CFDE96175}.Release|x86.Build.0 = Release|Any CPU
		{F150B078-B1C7-4D88-A60C-800CFDE96175}.Release|x86.Deploy.0 = Release|Any CPU
		{B2F8B1B9-82A9-463D-82C8-04FBA013AA00}.Debug|Any CPU.ActiveCfg = Debug|x86
		{B2F8B1B9-82A9-463D-82C8-04FBA013AA00}.Debug|Any CPU.Build.0 = Debug|x86
		{B2F8B1B9-82A9-463D-82C8-04FBA013AA00}.Debug|Any CPU.Deploy.0 = Debug|x86
		{B2F8B1B9-82A9-463D-82C8-04FBA013AA00}.Debug|ARM.ActiveCfg = Debug|ARM
		{B2F8B1B9-82A9-463D-82C8-04FBA013AA00}.Debug|ARM.Build.0 = Debug|ARM
		{B2F8B1B9-82A9-463D-82C8-04FBA013AA00}.Debug|ARM.Deploy.0 = Debug|ARM
		{B2F8B1B9-82A9-463D-82C8-04FBA013AA00}.Debug|ARM64.ActiveCfg = Debug|x86
		{B2F8B1B9-82A9-463D-82C8-04FBA013AA00}.Debug|x64.ActiveCfg = Debug|x64
		{B2F8B1B9-82A9-463D-82C8-04FBA013AA00}.Debug|x64.Build.0 = Debug|x64
		{B2F8B1B9-82A9-463D-82C8-04FBA013AA00}.Debug|x64.Deploy.0 = Debug|x64
		{B2F8B1B9-82A9-463D-82C8-04FBA013AA00}.Debug|x86.ActiveCfg = Debug|x86
		{B2F8B1B9-82A9-463D-82C8-04FBA013AA00}.Debug|x86.Build.0 = Debug|x86
		{B2F8B1B9-82A9-463D-82C8-04FBA013AA00}.Debug|x86.Deploy.0 = Debug|x86
		{B2F8B1B9-82A9-463D-82C8-04FBA013AA00}.Fast|Any CPU.ActiveCfg = Release|x64
		{B2F8B1B9-82A9-463D-82C8-04FBA013AA00}.Fast|Any CPU.Build.0 = Release|x64
		{B2F8B1B9-82A9-463D-82C8-04FBA013AA00}.Fast|Any CPU.Deploy.0 = Release|x64
		{B2F8B1B9-82A9-463D-82C8-04FBA013AA00}.Fast|ARM.ActiveCfg = Release|ARM
		{B2F8B1B9-82A9-463D-82C8-04FBA013AA00}.Fast|ARM.Build.0 = Release|ARM
		{B2F8B1B9-82A9-463D-82C8-04FBA013AA00}.Fast|ARM.Deploy.0 = Release|ARM
		{B2F8B1B9-82A9-463D-82C8-04FBA013AA00}.Fast|ARM64.ActiveCfg = Release|x64
		{B2F8B1B9-82A9-463D-82C8-04FBA013AA00}.Fast|ARM64.Build.0 = Release|x64
		{B2F8B1B9-82A9-463D-82C8-04FBA013AA00}.Fast|ARM64.Deploy.0 = Release|x64
		{B2F8B1B9-82A9-463D-82C8-04FBA013AA00}.Fast|x64.ActiveCfg = Release|x64
		{B2F8B1B9-82A9-463D-82C8-04FBA013AA00}.Fast|x64.Build.0 = Release|x64
		{B2F8B1B9-82A9-463D-82C8-04FBA013AA00}.Fast|x64.Deploy.0 = Release|x64
		{B2F8B1B9-82A9-463D-82C8-04FBA013AA00}.Fast|x86.ActiveCfg = Release|x86
		{B2F8B1B9-82A9-463D-82C8-04FBA013AA00}.Fast|x86.Build.0 = Release|x86
		{B2F8B1B9-82A9-463D-82C8-04FBA013AA00}.Fast|x86.Deploy.0 = Release|x86
		{B2F8B1B9-82A9-463D-82C8-04FBA013AA00}.Generic|Any CPU.ActiveCfg = Release|x64
		{B2F8B1B9-82A9-463D-82C8-04FBA013AA00}.Generic|Any CPU.Build.0 = Release|x64
		{B2F8B1B9-82A9-463D-82C8-04FBA013AA00}.Generic|Any CPU.Deploy.0 = Release|x64
		{B2F8B1B9-82A9-463D-82C8-04FBA013AA00}.Generic|ARM.ActiveCfg = Release|ARM
		{B2F8B1B9-82A9-463D-82C8-04FBA013AA00}.Generic|ARM.Build.0 = Release|ARM
		{B2F8B1B9-82A9-463D-82C8-04FBA013AA00}.Generic|ARM.Deploy.0 = Release|ARM
		{B2F8B1B9-82A9-463D-82C8-04FBA013AA00}.Generic|ARM64.ActiveCfg = Release|x64
		{B2F8B1B9-82A9-463D-82C8-04FBA013AA00}.Generic|ARM64.Build.0 = Release|x64
		{B2F8B1B9-82A9-463D-82C8-04FBA013AA00}.Generic|ARM64.Deploy.0 = Release|x64
		{B2F8B1B9-82A9-463D-82C8-04FBA013AA00}.Generic|x64.ActiveCfg = Release|x64
		{B2F8B1B9-82A9-463D-82C8-04FBA013AA00}.Generic|x64.Build.0 = Release|x64
		{B2F8B1B9-82A9-463D-82C8-04FBA013AA00}.Generic|x64.Deploy.0 = Release|x64
		{B2F8B1B9-82A9-463D-82C8-04FBA013AA00}.Generic|x86.ActiveCfg = Release|x86
		{B2F8B1B9-82A9-463D-82C8-04FBA013AA00}.Generic|x86.Build.0 = Release|x86
		{B2F8B1B9-82A9-463D-82C8-04FBA013AA00}.Generic|x86.Deploy.0 = Release|x86
		{B2F8B1B9-82A9-463D-82C8-04FBA013AA00}.Optimized-fast|Any CPU.ActiveCfg = Release|x64
		{B2F8B1B9-82A9-463D-82C8-04FBA013AA00}.Optimized-fast|Any CPU.Build.0 = Release|x64
		{B2F8B1B9-82A9-463D-82C8-04FBA013AA00}.Optimized-fast|Any CPU.Deploy.0 = Release|x64
		{B2F8B1B9-82A9-463D-82C8-04FBA013AA00}.Optimized-fast|ARM.ActiveCfg = Release|ARM
		{B2F8B1B9-82A9-463D-82C8-04FBA013AA00}.Optimized-fast|ARM.Build.0 = Release|ARM
		{B2F8B1B9-82A9-463D-82C8-04FBA013AA00}.Optimized-fast|ARM.Deploy.0 = Release|ARM
		{B2F8B1B9-82A9-463D-82C8-04FBA013AA00}.Optimized-fast|ARM64.ActiveCfg = Release|x64
		{B2F8B1B9-82A9-463D-82C8-04FBA013AA00}.Optimized-fast|ARM64.Build.0 = Release|x64
		{B2F8B1B9-82A9-463D-82C8-04FBA013AA00}.Optimized-fast|ARM64.Deploy.0 = Release|x64
		{B2F8B1B9-82A9-463D-82C8-04FBA013AA00}.Optimized-fast|x64.ActiveCfg = Release|x64
		{B2F8B1B9-82A9-463D-82C8-04FBA013AA00}.Optimized-fast|x64.Build.0 = Release|x64
		{B2F8B1B9-82A9-463D-82C8-04FBA013AA00}.Optimized-fast|x64.Deploy.0 = Release|x64
		{B2F8B1B9-82A9-463D-82C8-04FBA013AA00}.Optimized-fast|x86.ActiveCfg = Release|x86
		{B2F8B1B9-82A9-463D-82C8-04FBA013AA00}.Optimized-fast|x86.Build.0 = Release|x86
		{B2F8B1B9-82A9-463D-82C8-04FBA013AA00}.Optimized-fast|x86.Deploy.0 = Release|x86
		{B2F8B1B9-82A9-463D-82C8-04FBA013AA00}.Optimized-generic|Any CPU.ActiveCfg = Release|x64
		{B2F8B1B9-82A9-463D-82C8-04FBA013AA00}.Optimized-generic|Any CPU.Build.0 = Release|x64
		{B2F8B1B9-82A9-463D-82C8-04FBA013AA00}.Optimized-generic|Any CPU.Deploy.0 = Release|x64
		{B2F8B1B9-82A9-463D-82C8-04FBA013AA00}.Optimized-generic|ARM.ActiveCfg = Release|ARM
		{B2F8B1B9-82A9-463D-82C8-04FBA013AA00}.Optimized-generic|ARM.Build.0 = Release|ARM
		{B2F8B1B9-82A9-463D-82C8-04FBA013AA00}.Optimized-generic|ARM.Deploy.0 = Release|ARM
		{B2F8B1B9-82A9-463D-82C8-04FBA013AA00}.Optimized-generic|ARM64.ActiveCfg = Release|x64
		{B2F8B1B9-82A9-463D-82C8-04FBA013AA00}.Optimized-generic|ARM64.Build.0 = Release|x64
		{B2F8B1B9-82A9-463D-82C8-04FBA013AA00}.Optimized-generic|ARM64.Deploy.0 = Release|x64
		{B2F8B1B9-82A9-463D-82C8-04FBA013AA00}.Optimized-generic|x64.ActiveCfg = Release|x64
		{B2F8B1B9-82A9-463D-82C8-04FBA013AA00}.Optimized-generic|x64.Build.0 = Release|x64
		{B2F8B1B9-82A9-463D-82C8-04FBA013AA00}.Optimized-generic|x64.Deploy.0 = Release|x64
		{B2F8B1B9-82A9-463D-82C8-04FBA013AA00}.Optimized-generic|x86.ActiveCfg = Release|x86
		{B2F8B1B9-82A9-463D-82C8-04FBA013AA00}.Optimized-generic|x86.Build.0 = Release|x86
		{B2F8B1B9-82A9-463D-82C8-04FBA013AA00}.Optimized-generic|x86.Deploy.0 = Release|x86
		{B2F8B1B9-82A9-463D-82C8-04FBA013AA00}.Release|Any CPU.ActiveCfg = Release|x86
		{B2F8B1B9-82A9-463D-82C8-04FBA013AA00}.Release|ARM.ActiveCfg = Release|ARM
		{B2F8B1B9-82A9-463D-82C8-04FBA013AA00}.Release|ARM.Build.0 = Release|ARM
		{B2F8B1B9-82A9-463D-82C8-04FBA013AA00}.Release|ARM.Deploy.0 = Release|ARM
		{B2F8B1B9-82A9-463D-82C8-04FBA013AA00}.Release|ARM64.ActiveCfg = Release|x86
		{B2F8B1B9-82A9-463D-82C8-04FBA013AA00}.Release|x64.ActiveCfg = Release|x64
		{B2F8B1B9-82A9-463D-82C8-04FBA013AA00}.Release|x64.Build.0 = Release|x64
		{B2F8B1B9-82A9-463D-82C8-04FBA013AA00}.Release|x64.Deploy.0 = Release|x64
		{B2F8B1B9-82A9-463D-82C8-04FBA013AA00}.Release|x86.ActiveCfg = Release|x86
		{B2F8B1B9-82A9-463D-82C8-04FBA013AA00}.Release|x86.Build.0 = Release|x86
		{B2F8B1B9-82A9-463D-82C8-04FBA013AA00}.Release|x86.Deploy.0 = Release|x86
		{A7FCA39F-0FEE-4213-B0D8-EA6B7B228E50}.Debug|Any CPU.ActiveCfg = Debug|Any CPU
		{A7FCA39F-0FEE-4213-B0D8-EA6B7B228E50}.Debug|Any CPU.Build.0 = Debug|Any CPU
		{A7FCA39F-0FEE-4213-B0D8-EA6B7B228E50}.Debug|ARM.ActiveCfg = Debug|ARM
		{A7FCA39F-0FEE-4213-B0D8-EA6B7B228E50}.Debug|ARM.Build.0 = Debug|ARM
		{A7FCA39F-0FEE-4213-B0D8-EA6B7B228E50}.Debug|ARM64.ActiveCfg = Debug|Any CPU
		{A7FCA39F-0FEE-4213-B0D8-EA6B7B228E50}.Debug|ARM64.Build.0 = Debug|Any CPU
		{A7FCA39F-0FEE-4213-B0D8-EA6B7B228E50}.Debug|x64.ActiveCfg = Debug|x64
		{A7FCA39F-0FEE-4213-B0D8-EA6B7B228E50}.Debug|x64.Build.0 = Debug|x64
		{A7FCA39F-0FEE-4213-B0D8-EA6B7B228E50}.Debug|x86.ActiveCfg = Debug|x86
		{A7FCA39F-0FEE-4213-B0D8-EA6B7B228E50}.Debug|x86.Build.0 = Debug|x86
		{A7FCA39F-0FEE-4213-B0D8-EA6B7B228E50}.Fast|Any CPU.ActiveCfg = Release|Any CPU
		{A7FCA39F-0FEE-4213-B0D8-EA6B7B228E50}.Fast|Any CPU.Build.0 = Release|Any CPU
		{A7FCA39F-0FEE-4213-B0D8-EA6B7B228E50}.Fast|ARM.ActiveCfg = Release|ARM
		{A7FCA39F-0FEE-4213-B0D8-EA6B7B228E50}.Fast|ARM.Build.0 = Release|ARM
		{A7FCA39F-0FEE-4213-B0D8-EA6B7B228E50}.Fast|ARM64.ActiveCfg = Release|Any CPU
		{A7FCA39F-0FEE-4213-B0D8-EA6B7B228E50}.Fast|ARM64.Build.0 = Release|Any CPU
		{A7FCA39F-0FEE-4213-B0D8-EA6B7B228E50}.Fast|x64.ActiveCfg = Release|x64
		{A7FCA39F-0FEE-4213-B0D8-EA6B7B228E50}.Fast|x64.Build.0 = Release|x64
		{A7FCA39F-0FEE-4213-B0D8-EA6B7B228E50}.Fast|x86.ActiveCfg = Release|x86
		{A7FCA39F-0FEE-4213-B0D8-EA6B7B228E50}.Fast|x86.Build.0 = Release|x86
		{A7FCA39F-0FEE-4213-B0D8-EA6B7B228E50}.Generic|Any CPU.ActiveCfg = Release|Any CPU
		{A7FCA39F-0FEE-4213-B0D8-EA6B7B228E50}.Generic|Any CPU.Build.0 = Release|Any CPU
		{A7FCA39F-0FEE-4213-B0D8-EA6B7B228E50}.Generic|ARM.ActiveCfg = Release|ARM
		{A7FCA39F-0FEE-4213-B0D8-EA6B7B228E50}.Generic|ARM.Build.0 = Release|ARM
		{A7FCA39F-0FEE-4213-B0D8-EA6B7B228E50}.Generic|ARM64.ActiveCfg = Release|Any CPU
		{A7FCA39F-0FEE-4213-B0D8-EA6B7B228E50}.Generic|ARM64.Build.0 = Release|Any CPU
		{A7FCA39F-0FEE-4213-B0D8-EA6B7B228E50}.Generic|x64.ActiveCfg = Release|x64
		{A7FCA39F-0FEE-4213-B0D8-EA6B7B228E50}.Generic|x64.Build.0 = Release|x64
		{A7FCA39F-0FEE-4213-B0D8-EA6B7B228E50}.Generic|x86.ActiveCfg = Release|x86
		{A7FCA39F-0FEE-4213-B0D8-EA6B7B228E50}.Generic|x86.Build.0 = Release|x86
		{A7FCA39F-0FEE-4213-B0D8-EA6B7B228E50}.Optimized-fast|Any CPU.ActiveCfg = Release|Any CPU
		{A7FCA39F-0FEE-4213-B0D8-EA6B7B228E50}.Optimized-fast|Any CPU.Build.0 = Release|Any CPU
		{A7FCA39F-0FEE-4213-B0D8-EA6B7B228E50}.Optimized-fast|ARM.ActiveCfg = Release|ARM
		{A7FCA39F-0FEE-4213-B0D8-EA6B7B228E50}.Optimized-fast|ARM.Build.0 = Release|ARM
		{A7FCA39F-0FEE-4213-B0D8-EA6B7B228E50}.Optimized-fast|ARM64.ActiveCfg = Release|Any CPU
		{A7FCA39F-0FEE-4213-B0D8-EA6B7B228E50}.Optimized-fast|ARM64.Build.0 = Release|Any CPU
		{A7FCA39F-0FEE-4213-B0D8-EA6B7B228E50}.Optimized-fast|x64.ActiveCfg = Release|x64
		{A7FCA39F-0FEE-4213-B0D8-EA6B7B228E50}.Optimized-fast|x64.Build.0 = Release|x64
		{A7FCA39F-0FEE-4213-B0D8-EA6B7B228E50}.Optimized-fast|x86.ActiveCfg = Release|x86
		{A7FCA39F-0FEE-4213-B0D8-EA6B7B228E50}.Optimized-fast|x86.Build.0 = Release|x86
		{A7FCA39F-0FEE-4213-B0D8-EA6B7B228E50}.Optimized-generic|Any CPU.ActiveCfg = Release|Any CPU
		{A7FCA39F-0FEE-4213-B0D8-EA6B7B228E50}.Optimized-generic|Any CPU.Build.0 = Release|Any CPU
		{A7FCA39F-0FEE-4213-B0D8-EA6B7B228E50}.Optimized-generic|ARM.ActiveCfg = Release|ARM
		{A7FCA39F-0FEE-4213-B0D8-EA6B7B228E50}.Optimized-generic|ARM.Build.0 = Release|ARM
		{A7FCA39F-0FEE-4213-B0D8-EA6B7B228E50}.Optimized-generic|ARM64.ActiveCfg = Release|Any CPU
		{A7FCA39F-0FEE-4213-B0D8-EA6B7B228E50}.Optimized-generic|ARM64.Build.0 = Release|Any CPU
		{A7FCA39F-0FEE-4213-B0D8-EA6B7B228E50}.Optimized-generic|x64.ActiveCfg = Release|x64
		{A7FCA39F-0FEE-4213-B0D8-EA6B7B228E50}.Optimized-generic|x64.Build.0 = Release|x64
		{A7FCA39F-0FEE-4213-B0D8-EA6B7B228E50}.Optimized-generic|x86.ActiveCfg = Release|x86
		{A7FCA39F-0FEE-4213-B0D8-EA6B7B228E50}.Optimized-generic|x86.Build.0 = Release|x86
		{A7FCA39F-0FEE-4213-B0D8-EA6B7B228E50}.Release|Any CPU.ActiveCfg = Release|Any CPU
		{A7FCA39F-0FEE-4213-B0D8-EA6B7B228E50}.Release|Any CPU.Build.0 = Release|Any CPU
		{A7FCA39F-0FEE-4213-B0D8-EA6B7B228E50}.Release|ARM.ActiveCfg = Release|ARM
		{A7FCA39F-0FEE-4213-B0D8-EA6B7B228E50}.Release|ARM.Build.0 = Release|ARM
		{A7FCA39F-0FEE-4213-B0D8-EA6B7B228E50}.Release|ARM64.ActiveCfg = Release|Any CPU
		{A7FCA39F-0FEE-4213-B0D8-EA6B7B228E50}.Release|ARM64.Build.0 = Release|Any CPU
		{A7FCA39F-0FEE-4213-B0D8-EA6B7B228E50}.Release|x64.ActiveCfg = Release|x64
		{A7FCA39F-0FEE-4213-B0D8-EA6B7B228E50}.Release|x64.Build.0 = Release|x64
		{A7FCA39F-0FEE-4213-B0D8-EA6B7B228E50}.Release|x86.ActiveCfg = Release|x86
		{A7FCA39F-0FEE-4213-B0D8-EA6B7B228E50}.Release|x86.Build.0 = Release|x86
		{02E5A455-6CA1-40AB-A15F-E76DC40C22DD}.Debug|Any CPU.ActiveCfg = Debug|Any CPU
		{02E5A455-6CA1-40AB-A15F-E76DC40C22DD}.Debug|Any CPU.Build.0 = Debug|Any CPU
		{02E5A455-6CA1-40AB-A15F-E76DC40C22DD}.Debug|ARM.ActiveCfg = Debug|Any CPU
		{02E5A455-6CA1-40AB-A15F-E76DC40C22DD}.Debug|ARM.Build.0 = Debug|Any CPU
		{02E5A455-6CA1-40AB-A15F-E76DC40C22DD}.Debug|ARM64.ActiveCfg = Debug|Any CPU
		{02E5A455-6CA1-40AB-A15F-E76DC40C22DD}.Debug|ARM64.Build.0 = Debug|Any CPU
		{02E5A455-6CA1-40AB-A15F-E76DC40C22DD}.Debug|x64.ActiveCfg = Debug|Any CPU
		{02E5A455-6CA1-40AB-A15F-E76DC40C22DD}.Debug|x64.Build.0 = Debug|Any CPU
		{02E5A455-6CA1-40AB-A15F-E76DC40C22DD}.Debug|x86.ActiveCfg = Debug|Any CPU
		{02E5A455-6CA1-40AB-A15F-E76DC40C22DD}.Debug|x86.Build.0 = Debug|Any CPU
		{02E5A455-6CA1-40AB-A15F-E76DC40C22DD}.Fast|Any CPU.ActiveCfg = Release|Any CPU
		{02E5A455-6CA1-40AB-A15F-E76DC40C22DD}.Fast|Any CPU.Build.0 = Release|Any CPU
		{02E5A455-6CA1-40AB-A15F-E76DC40C22DD}.Fast|ARM.ActiveCfg = Release|Any CPU
		{02E5A455-6CA1-40AB-A15F-E76DC40C22DD}.Fast|ARM.Build.0 = Release|Any CPU
		{02E5A455-6CA1-40AB-A15F-E76DC40C22DD}.Fast|ARM64.ActiveCfg = Release|Any CPU
		{02E5A455-6CA1-40AB-A15F-E76DC40C22DD}.Fast|ARM64.Build.0 = Release|Any CPU
		{02E5A455-6CA1-40AB-A15F-E76DC40C22DD}.Fast|x64.ActiveCfg = Release|Any CPU
		{02E5A455-6CA1-40AB-A15F-E76DC40C22DD}.Fast|x64.Build.0 = Release|Any CPU
		{02E5A455-6CA1-40AB-A15F-E76DC40C22DD}.Fast|x86.ActiveCfg = Release|Any CPU
		{02E5A455-6CA1-40AB-A15F-E76DC40C22DD}.Fast|x86.Build.0 = Release|Any CPU
		{02E5A455-6CA1-40AB-A15F-E76DC40C22DD}.Generic|Any CPU.ActiveCfg = Release|Any CPU
		{02E5A455-6CA1-40AB-A15F-E76DC40C22DD}.Generic|Any CPU.Build.0 = Release|Any CPU
		{02E5A455-6CA1-40AB-A15F-E76DC40C22DD}.Generic|ARM.ActiveCfg = Release|Any CPU
		{02E5A455-6CA1-40AB-A15F-E76DC40C22DD}.Generic|ARM.Build.0 = Release|Any CPU
		{02E5A455-6CA1-40AB-A15F-E76DC40C22DD}.Generic|ARM64.ActiveCfg = Release|Any CPU
		{02E5A455-6CA1-40AB-A15F-E76DC40C22DD}.Generic|ARM64.Build.0 = Release|Any CPU
		{02E5A455-6CA1-40AB-A15F-E76DC40C22DD}.Generic|x64.ActiveCfg = Release|Any CPU
		{02E5A455-6CA1-40AB-A15F-E76DC40C22DD}.Generic|x64.Build.0 = Release|Any CPU
		{02E5A455-6CA1-40AB-A15F-E76DC40C22DD}.Generic|x86.ActiveCfg = Release|Any CPU
		{02E5A455-6CA1-40AB-A15F-E76DC40C22DD}.Generic|x86.Build.0 = Release|Any CPU
		{02E5A455-6CA1-40AB-A15F-E76DC40C22DD}.Optimized-fast|Any CPU.ActiveCfg = Release|Any CPU
		{02E5A455-6CA1-40AB-A15F-E76DC40C22DD}.Optimized-fast|Any CPU.Build.0 = Release|Any CPU
		{02E5A455-6CA1-40AB-A15F-E76DC40C22DD}.Optimized-fast|ARM.ActiveCfg = Release|Any CPU
		{02E5A455-6CA1-40AB-A15F-E76DC40C22DD}.Optimized-fast|ARM.Build.0 = Release|Any CPU
		{02E5A455-6CA1-40AB-A15F-E76DC40C22DD}.Optimized-fast|ARM64.ActiveCfg = Release|Any CPU
		{02E5A455-6CA1-40AB-A15F-E76DC40C22DD}.Optimized-fast|ARM64.Build.0 = Release|Any CPU
		{02E5A455-6CA1-40AB-A15F-E76DC40C22DD}.Optimized-fast|x64.ActiveCfg = Release|Any CPU
		{02E5A455-6CA1-40AB-A15F-E76DC40C22DD}.Optimized-fast|x64.Build.0 = Release|Any CPU
		{02E5A455-6CA1-40AB-A15F-E76DC40C22DD}.Optimized-fast|x86.ActiveCfg = Release|Any CPU
		{02E5A455-6CA1-40AB-A15F-E76DC40C22DD}.Optimized-fast|x86.Build.0 = Release|Any CPU
		{02E5A455-6CA1-40AB-A15F-E76DC40C22DD}.Optimized-generic|Any CPU.ActiveCfg = Release|Any CPU
		{02E5A455-6CA1-40AB-A15F-E76DC40C22DD}.Optimized-generic|Any CPU.Build.0 = Release|Any CPU
		{02E5A455-6CA1-40AB-A15F-E76DC40C22DD}.Optimized-generic|ARM.ActiveCfg = Release|Any CPU
		{02E5A455-6CA1-40AB-A15F-E76DC40C22DD}.Optimized-generic|ARM.Build.0 = Release|Any CPU
		{02E5A455-6CA1-40AB-A15F-E76DC40C22DD}.Optimized-generic|ARM64.ActiveCfg = Release|Any CPU
		{02E5A455-6CA1-40AB-A15F-E76DC40C22DD}.Optimized-generic|ARM64.Build.0 = Release|Any CPU
		{02E5A455-6CA1-40AB-A15F-E76DC40C22DD}.Optimized-generic|x64.ActiveCfg = Release|Any CPU
		{02E5A455-6CA1-40AB-A15F-E76DC40C22DD}.Optimized-generic|x64.Build.0 = Release|Any CPU
		{02E5A455-6CA1-40AB-A15F-E76DC40C22DD}.Optimized-generic|x86.ActiveCfg = Release|Any CPU
		{02E5A455-6CA1-40AB-A15F-E76DC40C22DD}.Optimized-generic|x86.Build.0 = Release|Any CPU
		{02E5A455-6CA1-40AB-A15F-E76DC40C22DD}.Release|Any CPU.ActiveCfg = Release|Any CPU
		{02E5A455-6CA1-40AB-A15F-E76DC40C22DD}.Release|Any CPU.Build.0 = Release|Any CPU
		{02E5A455-6CA1-40AB-A15F-E76DC40C22DD}.Release|ARM.ActiveCfg = Release|Any CPU
		{02E5A455-6CA1-40AB-A15F-E76DC40C22DD}.Release|ARM.Build.0 = Release|Any CPU
		{02E5A455-6CA1-40AB-A15F-E76DC40C22DD}.Release|ARM64.ActiveCfg = Release|Any CPU
		{02E5A455-6CA1-40AB-A15F-E76DC40C22DD}.Release|ARM64.Build.0 = Release|Any CPU
		{02E5A455-6CA1-40AB-A15F-E76DC40C22DD}.Release|x64.ActiveCfg = Release|Any CPU
		{02E5A455-6CA1-40AB-A15F-E76DC40C22DD}.Release|x64.Build.0 = Release|Any CPU
		{02E5A455-6CA1-40AB-A15F-E76DC40C22DD}.Release|x86.ActiveCfg = Release|Any CPU
		{02E5A455-6CA1-40AB-A15F-E76DC40C22DD}.Release|x86.Build.0 = Release|Any CPU
		{0530C06D-CE3F-4F67-A096-95958C96531F}.Debug|Any CPU.ActiveCfg = Debug|Any CPU
		{0530C06D-CE3F-4F67-A096-95958C96531F}.Debug|Any CPU.Build.0 = Debug|Any CPU
		{0530C06D-CE3F-4F67-A096-95958C96531F}.Debug|ARM.ActiveCfg = Debug|Any CPU
		{0530C06D-CE3F-4F67-A096-95958C96531F}.Debug|ARM.Build.0 = Debug|Any CPU
		{0530C06D-CE3F-4F67-A096-95958C96531F}.Debug|ARM64.ActiveCfg = Debug|Any CPU
		{0530C06D-CE3F-4F67-A096-95958C96531F}.Debug|ARM64.Build.0 = Debug|Any CPU
		{0530C06D-CE3F-4F67-A096-95958C96531F}.Debug|x64.ActiveCfg = Debug|Any CPU
		{0530C06D-CE3F-4F67-A096-95958C96531F}.Debug|x64.Build.0 = Debug|Any CPU
		{0530C06D-CE3F-4F67-A096-95958C96531F}.Debug|x86.ActiveCfg = Debug|Any CPU
		{0530C06D-CE3F-4F67-A096-95958C96531F}.Debug|x86.Build.0 = Debug|Any CPU
		{0530C06D-CE3F-4F67-A096-95958C96531F}.Fast|Any CPU.ActiveCfg = Debug|Any CPU
		{0530C06D-CE3F-4F67-A096-95958C96531F}.Fast|Any CPU.Build.0 = Debug|Any CPU
		{0530C06D-CE3F-4F67-A096-95958C96531F}.Fast|ARM.ActiveCfg = Debug|Any CPU
		{0530C06D-CE3F-4F67-A096-95958C96531F}.Fast|ARM.Build.0 = Debug|Any CPU
		{0530C06D-CE3F-4F67-A096-95958C96531F}.Fast|ARM64.ActiveCfg = Debug|Any CPU
		{0530C06D-CE3F-4F67-A096-95958C96531F}.Fast|ARM64.Build.0 = Debug|Any CPU
		{0530C06D-CE3F-4F67-A096-95958C96531F}.Fast|x64.ActiveCfg = Debug|Any CPU
		{0530C06D-CE3F-4F67-A096-95958C96531F}.Fast|x64.Build.0 = Debug|Any CPU
		{0530C06D-CE3F-4F67-A096-95958C96531F}.Fast|x86.ActiveCfg = Debug|Any CPU
		{0530C06D-CE3F-4F67-A096-95958C96531F}.Fast|x86.Build.0 = Debug|Any CPU
		{0530C06D-CE3F-4F67-A096-95958C96531F}.Generic|Any CPU.ActiveCfg = Debug|Any CPU
		{0530C06D-CE3F-4F67-A096-95958C96531F}.Generic|Any CPU.Build.0 = Debug|Any CPU
		{0530C06D-CE3F-4F67-A096-95958C96531F}.Generic|ARM.ActiveCfg = Debug|Any CPU
		{0530C06D-CE3F-4F67-A096-95958C96531F}.Generic|ARM.Build.0 = Debug|Any CPU
		{0530C06D-CE3F-4F67-A096-95958C96531F}.Generic|ARM64.ActiveCfg = Debug|Any CPU
		{0530C06D-CE3F-4F67-A096-95958C96531F}.Generic|ARM64.Build.0 = Debug|Any CPU
		{0530C06D-CE3F-4F67-A096-95958C96531F}.Generic|x64.ActiveCfg = Debug|Any CPU
		{0530C06D-CE3F-4F67-A096-95958C96531F}.Generic|x64.Build.0 = Debug|Any CPU
		{0530C06D-CE3F-4F67-A096-95958C96531F}.Generic|x86.ActiveCfg = Debug|Any CPU
		{0530C06D-CE3F-4F67-A096-95958C96531F}.Generic|x86.Build.0 = Debug|Any CPU
		{0530C06D-CE3F-4F67-A096-95958C96531F}.Optimized-fast|Any CPU.ActiveCfg = Debug|Any CPU
		{0530C06D-CE3F-4F67-A096-95958C96531F}.Optimized-fast|Any CPU.Build.0 = Debug|Any CPU
		{0530C06D-CE3F-4F67-A096-95958C96531F}.Optimized-fast|ARM.ActiveCfg = Debug|Any CPU
		{0530C06D-CE3F-4F67-A096-95958C96531F}.Optimized-fast|ARM.Build.0 = Debug|Any CPU
		{0530C06D-CE3F-4F67-A096-95958C96531F}.Optimized-fast|ARM64.ActiveCfg = Debug|Any CPU
		{0530C06D-CE3F-4F67-A096-95958C96531F}.Optimized-fast|ARM64.Build.0 = Debug|Any CPU
		{0530C06D-CE3F-4F67-A096-95958C96531F}.Optimized-fast|x64.ActiveCfg = Debug|Any CPU
		{0530C06D-CE3F-4F67-A096-95958C96531F}.Optimized-fast|x64.Build.0 = Debug|Any CPU
		{0530C06D-CE3F-4F67-A096-95958C96531F}.Optimized-fast|x86.ActiveCfg = Debug|Any CPU
		{0530C06D-CE3F-4F67-A096-95958C96531F}.Optimized-fast|x86.Build.0 = Debug|Any CPU
		{0530C06D-CE3F-4F67-A096-95958C96531F}.Optimized-generic|Any CPU.ActiveCfg = Debug|Any CPU
		{0530C06D-CE3F-4F67-A096-95958C96531F}.Optimized-generic|Any CPU.Build.0 = Debug|Any CPU
		{0530C06D-CE3F-4F67-A096-95958C96531F}.Optimized-generic|ARM.ActiveCfg = Debug|Any CPU
		{0530C06D-CE3F-4F67-A096-95958C96531F}.Optimized-generic|ARM.Build.0 = Debug|Any CPU
		{0530C06D-CE3F-4F67-A096-95958C96531F}.Optimized-generic|ARM64.ActiveCfg = Debug|Any CPU
		{0530C06D-CE3F-4F67-A096-95958C96531F}.Optimized-generic|ARM64.Build.0 = Debug|Any CPU
		{0530C06D-CE3F-4F67-A096-95958C96531F}.Optimized-generic|x64.ActiveCfg = Debug|Any CPU
		{0530C06D-CE3F-4F67-A096-95958C96531F}.Optimized-generic|x64.Build.0 = Debug|Any CPU
		{0530C06D-CE3F-4F67-A096-95958C96531F}.Optimized-generic|x86.ActiveCfg = Debug|Any CPU
		{0530C06D-CE3F-4F67-A096-95958C96531F}.Optimized-generic|x86.Build.0 = Debug|Any CPU
		{0530C06D-CE3F-4F67-A096-95958C96531F}.Release|Any CPU.ActiveCfg = Release|Any CPU
		{0530C06D-CE3F-4F67-A096-95958C96531F}.Release|Any CPU.Build.0 = Release|Any CPU
		{0530C06D-CE3F-4F67-A096-95958C96531F}.Release|ARM.ActiveCfg = Release|Any CPU
		{0530C06D-CE3F-4F67-A096-95958C96531F}.Release|ARM.Build.0 = Release|Any CPU
		{0530C06D-CE3F-4F67-A096-95958C96531F}.Release|ARM64.ActiveCfg = Release|Any CPU
		{0530C06D-CE3F-4F67-A096-95958C96531F}.Release|ARM64.Build.0 = Release|Any CPU
		{0530C06D-CE3F-4F67-A096-95958C96531F}.Release|x64.ActiveCfg = Release|Any CPU
		{0530C06D-CE3F-4F67-A096-95958C96531F}.Release|x64.Build.0 = Release|Any CPU
		{0530C06D-CE3F-4F67-A096-95958C96531F}.Release|x86.ActiveCfg = Release|Any CPU
		{0530C06D-CE3F-4F67-A096-95958C96531F}.Release|x86.Build.0 = Release|Any CPU
		{ACE81A6D-2E28-48E9-BB03-3483A0E11D1E}.Debug|Any CPU.ActiveCfg = Debug|Any CPU
		{ACE81A6D-2E28-48E9-BB03-3483A0E11D1E}.Debug|Any CPU.Build.0 = Debug|Any CPU
		{ACE81A6D-2E28-48E9-BB03-3483A0E11D1E}.Debug|ARM.ActiveCfg = Debug|Any CPU
		{ACE81A6D-2E28-48E9-BB03-3483A0E11D1E}.Debug|ARM.Build.0 = Debug|Any CPU
		{ACE81A6D-2E28-48E9-BB03-3483A0E11D1E}.Debug|ARM64.ActiveCfg = Debug|Any CPU
		{ACE81A6D-2E28-48E9-BB03-3483A0E11D1E}.Debug|ARM64.Build.0 = Debug|Any CPU
		{ACE81A6D-2E28-48E9-BB03-3483A0E11D1E}.Debug|x64.ActiveCfg = Debug|Any CPU
		{ACE81A6D-2E28-48E9-BB03-3483A0E11D1E}.Debug|x64.Build.0 = Debug|Any CPU
		{ACE81A6D-2E28-48E9-BB03-3483A0E11D1E}.Debug|x86.ActiveCfg = Debug|Any CPU
		{ACE81A6D-2E28-48E9-BB03-3483A0E11D1E}.Debug|x86.Build.0 = Debug|Any CPU
		{ACE81A6D-2E28-48E9-BB03-3483A0E11D1E}.Fast|Any CPU.ActiveCfg = Debug|Any CPU
		{ACE81A6D-2E28-48E9-BB03-3483A0E11D1E}.Fast|Any CPU.Build.0 = Debug|Any CPU
		{ACE81A6D-2E28-48E9-BB03-3483A0E11D1E}.Fast|ARM.ActiveCfg = Debug|Any CPU
		{ACE81A6D-2E28-48E9-BB03-3483A0E11D1E}.Fast|ARM.Build.0 = Debug|Any CPU
		{ACE81A6D-2E28-48E9-BB03-3483A0E11D1E}.Fast|ARM64.ActiveCfg = Debug|Any CPU
		{ACE81A6D-2E28-48E9-BB03-3483A0E11D1E}.Fast|ARM64.Build.0 = Debug|Any CPU
		{ACE81A6D-2E28-48E9-BB03-3483A0E11D1E}.Fast|x64.ActiveCfg = Debug|Any CPU
		{ACE81A6D-2E28-48E9-BB03-3483A0E11D1E}.Fast|x64.Build.0 = Debug|Any CPU
		{ACE81A6D-2E28-48E9-BB03-3483A0E11D1E}.Fast|x86.ActiveCfg = Debug|Any CPU
		{ACE81A6D-2E28-48E9-BB03-3483A0E11D1E}.Fast|x86.Build.0 = Debug|Any CPU
		{ACE81A6D-2E28-48E9-BB03-3483A0E11D1E}.Generic|Any CPU.ActiveCfg = Debug|Any CPU
		{ACE81A6D-2E28-48E9-BB03-3483A0E11D1E}.Generic|Any CPU.Build.0 = Debug|Any CPU
		{ACE81A6D-2E28-48E9-BB03-3483A0E11D1E}.Generic|ARM.ActiveCfg = Debug|Any CPU
		{ACE81A6D-2E28-48E9-BB03-3483A0E11D1E}.Generic|ARM.Build.0 = Debug|Any CPU
		{ACE81A6D-2E28-48E9-BB03-3483A0E11D1E}.Generic|ARM64.ActiveCfg = Debug|Any CPU
		{ACE81A6D-2E28-48E9-BB03-3483A0E11D1E}.Generic|ARM64.Build.0 = Debug|Any CPU
		{ACE81A6D-2E28-48E9-BB03-3483A0E11D1E}.Generic|x64.ActiveCfg = Debug|Any CPU
		{ACE81A6D-2E28-48E9-BB03-3483A0E11D1E}.Generic|x64.Build.0 = Debug|Any CPU
		{ACE81A6D-2E28-48E9-BB03-3483A0E11D1E}.Generic|x86.ActiveCfg = Debug|Any CPU
		{ACE81A6D-2E28-48E9-BB03-3483A0E11D1E}.Generic|x86.Build.0 = Debug|Any CPU
		{ACE81A6D-2E28-48E9-BB03-3483A0E11D1E}.Optimized-fast|Any CPU.ActiveCfg = Debug|Any CPU
		{ACE81A6D-2E28-48E9-BB03-3483A0E11D1E}.Optimized-fast|Any CPU.Build.0 = Debug|Any CPU
		{ACE81A6D-2E28-48E9-BB03-3483A0E11D1E}.Optimized-fast|ARM.ActiveCfg = Debug|Any CPU
		{ACE81A6D-2E28-48E9-BB03-3483A0E11D1E}.Optimized-fast|ARM.Build.0 = Debug|Any CPU
		{ACE81A6D-2E28-48E9-BB03-3483A0E11D1E}.Optimized-fast|ARM64.ActiveCfg = Debug|Any CPU
		{ACE81A6D-2E28-48E9-BB03-3483A0E11D1E}.Optimized-fast|ARM64.Build.0 = Debug|Any CPU
		{ACE81A6D-2E28-48E9-BB03-3483A0E11D1E}.Optimized-fast|x64.ActiveCfg = Debug|Any CPU
		{ACE81A6D-2E28-48E9-BB03-3483A0E11D1E}.Optimized-fast|x64.Build.0 = Debug|Any CPU
		{ACE81A6D-2E28-48E9-BB03-3483A0E11D1E}.Optimized-fast|x86.ActiveCfg = Debug|Any CPU
		{ACE81A6D-2E28-48E9-BB03-3483A0E11D1E}.Optimized-fast|x86.Build.0 = Debug|Any CPU
		{ACE81A6D-2E28-48E9-BB03-3483A0E11D1E}.Optimized-generic|Any CPU.ActiveCfg = Debug|Any CPU
		{ACE81A6D-2E28-48E9-BB03-3483A0E11D1E}.Optimized-generic|Any CPU.Build.0 = Debug|Any CPU
		{ACE81A6D-2E28-48E9-BB03-3483A0E11D1E}.Optimized-generic|ARM.ActiveCfg = Debug|Any CPU
		{ACE81A6D-2E28-48E9-BB03-3483A0E11D1E}.Optimized-generic|ARM.Build.0 = Debug|Any CPU
		{ACE81A6D-2E28-48E9-BB03-3483A0E11D1E}.Optimized-generic|ARM64.ActiveCfg = Debug|Any CPU
		{ACE81A6D-2E28-48E9-BB03-3483A0E11D1E}.Optimized-generic|ARM64.Build.0 = Debug|Any CPU
		{ACE81A6D-2E28-48E9-BB03-3483A0E11D1E}.Optimized-generic|x64.ActiveCfg = Debug|Any CPU
		{ACE81A6D-2E28-48E9-BB03-3483A0E11D1E}.Optimized-generic|x64.Build.0 = Debug|Any CPU
		{ACE81A6D-2E28-48E9-BB03-3483A0E11D1E}.Optimized-generic|x86.ActiveCfg = Debug|Any CPU
		{ACE81A6D-2E28-48E9-BB03-3483A0E11D1E}.Optimized-generic|x86.Build.0 = Debug|Any CPU
		{ACE81A6D-2E28-48E9-BB03-3483A0E11D1E}.Release|Any CPU.ActiveCfg = Release|Any CPU
		{ACE81A6D-2E28-48E9-BB03-3483A0E11D1E}.Release|Any CPU.Build.0 = Release|Any CPU
		{ACE81A6D-2E28-48E9-BB03-3483A0E11D1E}.Release|ARM.ActiveCfg = Release|Any CPU
		{ACE81A6D-2E28-48E9-BB03-3483A0E11D1E}.Release|ARM.Build.0 = Release|Any CPU
		{ACE81A6D-2E28-48E9-BB03-3483A0E11D1E}.Release|ARM64.ActiveCfg = Release|Any CPU
		{ACE81A6D-2E28-48E9-BB03-3483A0E11D1E}.Release|ARM64.Build.0 = Release|Any CPU
		{ACE81A6D-2E28-48E9-BB03-3483A0E11D1E}.Release|x64.ActiveCfg = Release|Any CPU
		{ACE81A6D-2E28-48E9-BB03-3483A0E11D1E}.Release|x64.Build.0 = Release|Any CPU
		{ACE81A6D-2E28-48E9-BB03-3483A0E11D1E}.Release|x86.ActiveCfg = Release|Any CPU
		{ACE81A6D-2E28-48E9-BB03-3483A0E11D1E}.Release|x86.Build.0 = Release|Any CPU
		{F63F1625-804A-431D-99A7-8D636B0766DE}.Debug|Any CPU.ActiveCfg = Debug|Any CPU
		{F63F1625-804A-431D-99A7-8D636B0766DE}.Debug|Any CPU.Build.0 = Debug|Any CPU
		{F63F1625-804A-431D-99A7-8D636B0766DE}.Debug|ARM.ActiveCfg = Debug|Any CPU
		{F63F1625-804A-431D-99A7-8D636B0766DE}.Debug|ARM.Build.0 = Debug|Any CPU
		{F63F1625-804A-431D-99A7-8D636B0766DE}.Debug|ARM64.ActiveCfg = Debug|Any CPU
		{F63F1625-804A-431D-99A7-8D636B0766DE}.Debug|ARM64.Build.0 = Debug|Any CPU
		{F63F1625-804A-431D-99A7-8D636B0766DE}.Debug|x64.ActiveCfg = Debug|Any CPU
		{F63F1625-804A-431D-99A7-8D636B0766DE}.Debug|x64.Build.0 = Debug|Any CPU
		{F63F1625-804A-431D-99A7-8D636B0766DE}.Debug|x86.ActiveCfg = Debug|x86
		{F63F1625-804A-431D-99A7-8D636B0766DE}.Debug|x86.Build.0 = Debug|x86
		{F63F1625-804A-431D-99A7-8D636B0766DE}.Fast|Any CPU.ActiveCfg = Release|Any CPU
		{F63F1625-804A-431D-99A7-8D636B0766DE}.Fast|Any CPU.Build.0 = Release|Any CPU
		{F63F1625-804A-431D-99A7-8D636B0766DE}.Fast|ARM.ActiveCfg = Release|Any CPU
		{F63F1625-804A-431D-99A7-8D636B0766DE}.Fast|ARM.Build.0 = Release|Any CPU
		{F63F1625-804A-431D-99A7-8D636B0766DE}.Fast|ARM64.ActiveCfg = Release|Any CPU
		{F63F1625-804A-431D-99A7-8D636B0766DE}.Fast|ARM64.Build.0 = Release|Any CPU
		{F63F1625-804A-431D-99A7-8D636B0766DE}.Fast|x64.ActiveCfg = Release|Any CPU
		{F63F1625-804A-431D-99A7-8D636B0766DE}.Fast|x64.Build.0 = Release|Any CPU
		{F63F1625-804A-431D-99A7-8D636B0766DE}.Fast|x86.ActiveCfg = Release|x86
		{F63F1625-804A-431D-99A7-8D636B0766DE}.Fast|x86.Build.0 = Release|x86
		{F63F1625-804A-431D-99A7-8D636B0766DE}.Generic|Any CPU.ActiveCfg = Release|Any CPU
		{F63F1625-804A-431D-99A7-8D636B0766DE}.Generic|Any CPU.Build.0 = Release|Any CPU
		{F63F1625-804A-431D-99A7-8D636B0766DE}.Generic|ARM.ActiveCfg = Release|Any CPU
		{F63F1625-804A-431D-99A7-8D636B0766DE}.Generic|ARM.Build.0 = Release|Any CPU
		{F63F1625-804A-431D-99A7-8D636B0766DE}.Generic|ARM64.ActiveCfg = Release|Any CPU
		{F63F1625-804A-431D-99A7-8D636B0766DE}.Generic|ARM64.Build.0 = Release|Any CPU
		{F63F1625-804A-431D-99A7-8D636B0766DE}.Generic|x64.ActiveCfg = Release|Any CPU
		{F63F1625-804A-431D-99A7-8D636B0766DE}.Generic|x64.Build.0 = Release|Any CPU
		{F63F1625-804A-431D-99A7-8D636B0766DE}.Generic|x86.ActiveCfg = Release|x86
		{F63F1625-804A-431D-99A7-8D636B0766DE}.Generic|x86.Build.0 = Release|x86
		{F63F1625-804A-431D-99A7-8D636B0766DE}.Optimized-fast|Any CPU.ActiveCfg = Release|Any CPU
		{F63F1625-804A-431D-99A7-8D636B0766DE}.Optimized-fast|Any CPU.Build.0 = Release|Any CPU
		{F63F1625-804A-431D-99A7-8D636B0766DE}.Optimized-fast|ARM.ActiveCfg = Release|Any CPU
		{F63F1625-804A-431D-99A7-8D636B0766DE}.Optimized-fast|ARM.Build.0 = Release|Any CPU
		{F63F1625-804A-431D-99A7-8D636B0766DE}.Optimized-fast|ARM64.ActiveCfg = Release|Any CPU
		{F63F1625-804A-431D-99A7-8D636B0766DE}.Optimized-fast|ARM64.Build.0 = Release|Any CPU
		{F63F1625-804A-431D-99A7-8D636B0766DE}.Optimized-fast|x64.ActiveCfg = Release|Any CPU
		{F63F1625-804A-431D-99A7-8D636B0766DE}.Optimized-fast|x64.Build.0 = Release|Any CPU
		{F63F1625-804A-431D-99A7-8D636B0766DE}.Optimized-fast|x86.ActiveCfg = Release|x86
		{F63F1625-804A-431D-99A7-8D636B0766DE}.Optimized-fast|x86.Build.0 = Release|x86
		{F63F1625-804A-431D-99A7-8D636B0766DE}.Optimized-generic|Any CPU.ActiveCfg = Release|Any CPU
		{F63F1625-804A-431D-99A7-8D636B0766DE}.Optimized-generic|Any CPU.Build.0 = Release|Any CPU
		{F63F1625-804A-431D-99A7-8D636B0766DE}.Optimized-generic|ARM.ActiveCfg = Release|Any CPU
		{F63F1625-804A-431D-99A7-8D636B0766DE}.Optimized-generic|ARM.Build.0 = Release|Any CPU
		{F63F1625-804A-431D-99A7-8D636B0766DE}.Optimized-generic|ARM64.ActiveCfg = Release|Any CPU
		{F63F1625-804A-431D-99A7-8D636B0766DE}.Optimized-generic|ARM64.Build.0 = Release|Any CPU
		{F63F1625-804A-431D-99A7-8D636B0766DE}.Optimized-generic|x64.ActiveCfg = Release|Any CPU
		{F63F1625-804A-431D-99A7-8D636B0766DE}.Optimized-generic|x64.Build.0 = Release|Any CPU
		{F63F1625-804A-431D-99A7-8D636B0766DE}.Optimized-generic|x86.ActiveCfg = Release|x86
		{F63F1625-804A-431D-99A7-8D636B0766DE}.Optimized-generic|x86.Build.0 = Release|x86
		{F63F1625-804A-431D-99A7-8D636B0766DE}.Release|Any CPU.ActiveCfg = Release|Any CPU
		{F63F1625-804A-431D-99A7-8D636B0766DE}.Release|Any CPU.Build.0 = Release|Any CPU
		{F63F1625-804A-431D-99A7-8D636B0766DE}.Release|ARM.ActiveCfg = Release|Any CPU
		{F63F1625-804A-431D-99A7-8D636B0766DE}.Release|ARM.Build.0 = Release|Any CPU
		{F63F1625-804A-431D-99A7-8D636B0766DE}.Release|ARM64.ActiveCfg = Release|Any CPU
		{F63F1625-804A-431D-99A7-8D636B0766DE}.Release|ARM64.Build.0 = Release|Any CPU
		{F63F1625-804A-431D-99A7-8D636B0766DE}.Release|x64.ActiveCfg = Release|Any CPU
		{F63F1625-804A-431D-99A7-8D636B0766DE}.Release|x64.Build.0 = Release|Any CPU
		{F63F1625-804A-431D-99A7-8D636B0766DE}.Release|x86.ActiveCfg = Release|x86
		{F63F1625-804A-431D-99A7-8D636B0766DE}.Release|x86.Build.0 = Release|x86
		{F43331F9-61C7-4B0B-B0D2-0142C5FF90AA}.Debug|Any CPU.ActiveCfg = Debug|Any CPU
		{F43331F9-61C7-4B0B-B0D2-0142C5FF90AA}.Debug|Any CPU.Build.0 = Debug|Any CPU
		{F43331F9-61C7-4B0B-B0D2-0142C5FF90AA}.Debug|ARM.ActiveCfg = Debug|Any CPU
		{F43331F9-61C7-4B0B-B0D2-0142C5FF90AA}.Debug|ARM.Build.0 = Debug|Any CPU
		{F43331F9-61C7-4B0B-B0D2-0142C5FF90AA}.Debug|ARM64.ActiveCfg = Debug|Any CPU
		{F43331F9-61C7-4B0B-B0D2-0142C5FF90AA}.Debug|ARM64.Build.0 = Debug|Any CPU
		{F43331F9-61C7-4B0B-B0D2-0142C5FF90AA}.Debug|x64.ActiveCfg = Debug|Any CPU
		{F43331F9-61C7-4B0B-B0D2-0142C5FF90AA}.Debug|x64.Build.0 = Debug|Any CPU
		{F43331F9-61C7-4B0B-B0D2-0142C5FF90AA}.Debug|x86.ActiveCfg = Debug|Any CPU
		{F43331F9-61C7-4B0B-B0D2-0142C5FF90AA}.Debug|x86.Build.0 = Debug|Any CPU
		{F43331F9-61C7-4B0B-B0D2-0142C5FF90AA}.Fast|Any CPU.ActiveCfg = Debug|Any CPU
		{F43331F9-61C7-4B0B-B0D2-0142C5FF90AA}.Fast|Any CPU.Build.0 = Debug|Any CPU
		{F43331F9-61C7-4B0B-B0D2-0142C5FF90AA}.Fast|ARM.ActiveCfg = Debug|Any CPU
		{F43331F9-61C7-4B0B-B0D2-0142C5FF90AA}.Fast|ARM.Build.0 = Debug|Any CPU
		{F43331F9-61C7-4B0B-B0D2-0142C5FF90AA}.Fast|ARM64.ActiveCfg = Debug|Any CPU
		{F43331F9-61C7-4B0B-B0D2-0142C5FF90AA}.Fast|ARM64.Build.0 = Debug|Any CPU
		{F43331F9-61C7-4B0B-B0D2-0142C5FF90AA}.Fast|x64.ActiveCfg = Debug|Any CPU
		{F43331F9-61C7-4B0B-B0D2-0142C5FF90AA}.Fast|x64.Build.0 = Debug|Any CPU
		{F43331F9-61C7-4B0B-B0D2-0142C5FF90AA}.Fast|x86.ActiveCfg = Debug|Any CPU
		{F43331F9-61C7-4B0B-B0D2-0142C5FF90AA}.Fast|x86.Build.0 = Debug|Any CPU
		{F43331F9-61C7-4B0B-B0D2-0142C5FF90AA}.Generic|Any CPU.ActiveCfg = Debug|Any CPU
		{F43331F9-61C7-4B0B-B0D2-0142C5FF90AA}.Generic|Any CPU.Build.0 = Debug|Any CPU
		{F43331F9-61C7-4B0B-B0D2-0142C5FF90AA}.Generic|ARM.ActiveCfg = Debug|Any CPU
		{F43331F9-61C7-4B0B-B0D2-0142C5FF90AA}.Generic|ARM.Build.0 = Debug|Any CPU
		{F43331F9-61C7-4B0B-B0D2-0142C5FF90AA}.Generic|ARM64.ActiveCfg = Debug|Any CPU
		{F43331F9-61C7-4B0B-B0D2-0142C5FF90AA}.Generic|ARM64.Build.0 = Debug|Any CPU
		{F43331F9-61C7-4B0B-B0D2-0142C5FF90AA}.Generic|x64.ActiveCfg = Debug|Any CPU
		{F43331F9-61C7-4B0B-B0D2-0142C5FF90AA}.Generic|x64.Build.0 = Debug|Any CPU
		{F43331F9-61C7-4B0B-B0D2-0142C5FF90AA}.Generic|x86.ActiveCfg = Debug|Any CPU
		{F43331F9-61C7-4B0B-B0D2-0142C5FF90AA}.Generic|x86.Build.0 = Debug|Any CPU
		{F43331F9-61C7-4B0B-B0D2-0142C5FF90AA}.Optimized-fast|Any CPU.ActiveCfg = Debug|Any CPU
		{F43331F9-61C7-4B0B-B0D2-0142C5FF90AA}.Optimized-fast|Any CPU.Build.0 = Debug|Any CPU
		{F43331F9-61C7-4B0B-B0D2-0142C5FF90AA}.Optimized-fast|ARM.ActiveCfg = Debug|Any CPU
		{F43331F9-61C7-4B0B-B0D2-0142C5FF90AA}.Optimized-fast|ARM.Build.0 = Debug|Any CPU
		{F43331F9-61C7-4B0B-B0D2-0142C5FF90AA}.Optimized-fast|ARM64.ActiveCfg = Debug|Any CPU
		{F43331F9-61C7-4B0B-B0D2-0142C5FF90AA}.Optimized-fast|ARM64.Build.0 = Debug|Any CPU
		{F43331F9-61C7-4B0B-B0D2-0142C5FF90AA}.Optimized-fast|x64.ActiveCfg = Debug|Any CPU
		{F43331F9-61C7-4B0B-B0D2-0142C5FF90AA}.Optimized-fast|x64.Build.0 = Debug|Any CPU
		{F43331F9-61C7-4B0B-B0D2-0142C5FF90AA}.Optimized-fast|x86.ActiveCfg = Debug|Any CPU
		{F43331F9-61C7-4B0B-B0D2-0142C5FF90AA}.Optimized-fast|x86.Build.0 = Debug|Any CPU
		{F43331F9-61C7-4B0B-B0D2-0142C5FF90AA}.Optimized-generic|Any CPU.ActiveCfg = Debug|Any CPU
		{F43331F9-61C7-4B0B-B0D2-0142C5FF90AA}.Optimized-generic|Any CPU.Build.0 = Debug|Any CPU
		{F43331F9-61C7-4B0B-B0D2-0142C5FF90AA}.Optimized-generic|ARM.ActiveCfg = Debug|Any CPU
		{F43331F9-61C7-4B0B-B0D2-0142C5FF90AA}.Optimized-generic|ARM.Build.0 = Debug|Any CPU
		{F43331F9-61C7-4B0B-B0D2-0142C5FF90AA}.Optimized-generic|ARM64.ActiveCfg = Debug|Any CPU
		{F43331F9-61C7-4B0B-B0D2-0142C5FF90AA}.Optimized-generic|ARM64.Build.0 = Debug|Any CPU
		{F43331F9-61C7-4B0B-B0D2-0142C5FF90AA}.Optimized-generic|x64.ActiveCfg = Debug|Any CPU
		{F43331F9-61C7-4B0B-B0D2-0142C5FF90AA}.Optimized-generic|x64.Build.0 = Debug|Any CPU
		{F43331F9-61C7-4B0B-B0D2-0142C5FF90AA}.Optimized-generic|x86.ActiveCfg = Debug|Any CPU
		{F43331F9-61C7-4B0B-B0D2-0142C5FF90AA}.Optimized-generic|x86.Build.0 = Debug|Any CPU
		{F43331F9-61C7-4B0B-B0D2-0142C5FF90AA}.Release|Any CPU.ActiveCfg = Release|Any CPU
		{F43331F9-61C7-4B0B-B0D2-0142C5FF90AA}.Release|Any CPU.Build.0 = Release|Any CPU
		{F43331F9-61C7-4B0B-B0D2-0142C5FF90AA}.Release|ARM.ActiveCfg = Release|Any CPU
		{F43331F9-61C7-4B0B-B0D2-0142C5FF90AA}.Release|ARM.Build.0 = Release|Any CPU
		{F43331F9-61C7-4B0B-B0D2-0142C5FF90AA}.Release|ARM64.ActiveCfg = Release|Any CPU
		{F43331F9-61C7-4B0B-B0D2-0142C5FF90AA}.Release|ARM64.Build.0 = Release|Any CPU
		{F43331F9-61C7-4B0B-B0D2-0142C5FF90AA}.Release|x64.ActiveCfg = Release|Any CPU
		{F43331F9-61C7-4B0B-B0D2-0142C5FF90AA}.Release|x64.Build.0 = Release|Any CPU
		{F43331F9-61C7-4B0B-B0D2-0142C5FF90AA}.Release|x86.ActiveCfg = Release|Any CPU
		{F43331F9-61C7-4B0B-B0D2-0142C5FF90AA}.Release|x86.Build.0 = Release|Any CPU
	EndGlobalSection
	GlobalSection(SolutionProperties) = preSolution
		HideSolutionNode = FALSE
	EndGlobalSection
	GlobalSection(NestedProjects) = preSolution
		{ACE81A6D-2E28-48E9-BB03-3483A0E11D1E} = {1D1C65E2-DD40-4A8D-9B6C-612B91A93D56}
		{F63F1625-804A-431D-99A7-8D636B0766DE} = {1D1C65E2-DD40-4A8D-9B6C-612B91A93D56}
		{F43331F9-61C7-4B0B-B0D2-0142C5FF90AA} = {1D1C65E2-DD40-4A8D-9B6C-612B91A93D56}
	EndGlobalSection
	GlobalSection(ExtensibilityGlobals) = postSolution
		SolutionGuid = {87D8D553-69AD-4493-810E-42AC1F6A539D}
	EndGlobalSection
EndGlobal
